
Microsoft Visual Studio Solution File, Format Version 12.00
# Visual Studio 15
Project("{FAE04EC0-301F-11D3-BF4B-00C04F79EFBC}") = "UnityEngine.TestRunner", "UnityEngine.TestRunner.csproj", "{FB60FBFA-4727-B2B5-5039-BADBE2E59A9B}"
EndProject
Project("{FAE04EC0-301F-11D3-BF4B-00C04F79EFBC}") = "Unity.Mathematics", "Unity.Mathematics.csproj", "{EA940DFD-033E-0A68-2142-54C59F3A2DF2}"
EndProject
Project("{FAE04EC0-301F-11D3-BF4B-00C04F79EFBC}") = "Unity.InputSystem", "Unity.InputSystem.csproj", "{4AF88206-5855-8137-3E6F-A20BEA6CE83B}"
EndProject
Project("{FAE04EC0-301F-11D3-BF4B-00C04F79EFBC}") = "Unity.2D.Animation.Triangle.Runtime", "Unity.2D.Animation.Triangle.Runtime.csproj", "{5D895B59-83EF-374B-5DC2-8E5E5F5B8CFC}"
EndProject
Project("{FAE04EC0-301F-11D3-BF4B-00C04F79EFBC}") = "Unity.Timeline", "Unity.Timeline.csproj", "{76EBBBA2-B9CF-A73C-06ED-431326D108A5}"
EndProject
Project("{FAE04EC0-301F-11D3-BF4B-00C04F79EFBC}") = "UnityEngine.UI", "UnityEngine.UI.csproj", "{2966F885-ECAE-F12D-7F8B-9981B558DBCC}"
EndProject
Project("{FAE04EC0-301F-11D3-BF4B-00C04F79EFBC}") = "Unity.TextMeshPro", "Unity.TextMeshPro.csproj", "{DB272E28-ACA2-5841-1E03-BF49099975AE}"
EndProject
Project("{FAE04EC0-301F-11D3-BF4B-00C04F79EFBC}") = "Assembly-CSharp", "Assembly-CSharp.csproj", "{66B7C147-EAAF-E9D7-DE96-6228512EFD9C}"
EndProject
Project("{FAE04EC0-301F-11D3-BF4B-00C04F79EFBC}") = "Unity.2D.Animation.Runtime", "Unity.2D.Animation.Runtime.csproj", "{FC59D0FE-5F4D-AA71-E84B-8E470E4D4380}"
EndProject
Project("{FAE04EC0-301F-11D3-BF4B-00C04F79EFBC}") = "Unity.Postprocessing.Runtime", "Unity.Postprocessing.Runtime.csproj", "{2BCE7D6E-69C3-A995-8E58-F704AFB5A62E}"
EndProject
Project("{FAE04EC0-301F-11D3-BF4B-00C04F79EFBC}") = "Unity.2D.IK.Runtime", "Unity.2D.IK.Runtime.csproj", "{E92A5EBB-37A1-CC70-3C46-1D35DADF7BF6}"
EndProject
Project("{FAE04EC0-301F-11D3-BF4B-00C04F79EFBC}") = "Unity.2D.SpriteShape.Runtime", "Unity.2D.SpriteShape.Runtime.csproj", "{25760C09-88C3-F316-35CD-49E5AB28598D}"
EndProject
Project("{FAE04EC0-301F-11D3-BF4B-00C04F79EFBC}") = "Unity.2D.PixelPerfect", "Unity.2D.PixelPerfect.csproj", "{F7C3696A-1AC7-570A-177D-3DDC18F376F1}"
EndProject
Project("{FAE04EC0-301F-11D3-BF4B-00C04F79EFBC}") = "Unity.2D.Common.Runtime", "Unity.2D.Common.Runtime.csproj", "{1376C79E-E241-CCCA-05F2-0DE6F79E6BB8}"
EndProject
Project("{FAE04EC0-301F-11D3-BF4B-00C04F79EFBC}") = "Unity.InternalAPIEngineBridge.001", "Unity.InternalAPIEngineBridge.001.csproj", "{62CCEAC3-8450-BC5E-A18A-DE422EC3E0F9}"
EndProject
Project("{FAE04EC0-301F-11D3-BF4B-00C04F79EFBC}") = "Unity.Timeline.Editor", "Unity.Timeline.Editor.csproj", "{6E9EF09A-83B7-8255-D01A-7F8B56225A5F}"
EndProject
Project("{FAE04EC0-301F-11D3-BF4B-00C04F79EFBC}") = "Unity.TextMeshPro.Editor", "Unity.TextMeshPro.Editor.csproj", "{08A8A49D-4FFC-2A07-C466-6BFF0509A6F7}"
EndProject
Project("{FAE04EC0-301F-11D3-BF4B-00C04F79EFBC}") = "Unity.CollabProxy.Editor", "Unity.CollabProxy.Editor.csproj", "{78E4E1B6-13C4-4386-FF85-9838E4168DDA}"
EndProject
Project("{FAE04EC0-301F-11D3-BF4B-00C04F79EFBC}") = "UnityEditor.TestRunner", "UnityEditor.TestRunner.csproj", "{A35DE3DC-0657-FD5F-9885-713CC86AF55D}"
EndProject
Project("{FAE04EC0-301F-11D3-BF4B-00C04F79EFBC}") = "Unity.PlasticSCM.Editor", "Unity.PlasticSCM.Editor.csproj", "{FBF8520D-F3EF-4737-651A-3C2109ABB921}"
EndProject
Project("{FAE04EC0-301F-11D3-BF4B-00C04F79EFBC}") = "Unity.2D.Animation.Editor", "Unity.2D.Animation.Editor.csproj", "{37EF91B7-D980-9E75-D185-ED0821096D7A}"
EndProject
Project("{FAE04EC0-301F-11D3-BF4B-00C04F79EFBC}") = "UnityEditor.UI", "UnityEditor.UI.csproj", "{3FB3DDD8-417A-CE34-53C8-BD249A155144}"
EndProject
Project("{FAE04EC0-301F-11D3-BF4B-00C04F79EFBC}") = "Unity.VisualStudio.Editor", "Unity.VisualStudio.Editor.csproj", "{2650DCFF-88A2-39E4-83AD-410D1AE84661}"
EndProject
Project("{FAE04EC0-301F-11D3-BF4B-00C04F79EFBC}") = "Unity.2D.Psdimporter.Editor", "Unity.2D.Psdimporter.Editor.csproj", "{0EB86092-78B4-5D85-6B5D-16EBEA65442C}"
EndProject
Project("{FAE04EC0-301F-11D3-BF4B-00C04F79EFBC}") = "Unity.2D.SpriteShape.Editor", "Unity.2D.SpriteShape.Editor.csproj", "{329BD3B3-EA4B-CE7D-D676-A5061D372B24}"
EndProject
Project("{FAE04EC0-301F-11D3-BF4B-00C04F79EFBC}") = "PsdPlugin", "PsdPlugin.csproj", "{0927C19A-F230-9C55-FB27-710312B8007E}"
EndProject
Project("{FAE04EC0-301F-11D3-BF4B-00C04F79EFBC}") = "Unity.Postprocessing.Editor", "Unity.Postprocessing.Editor.csproj", "{7D0C5D2E-5A7E-EC5F-E92A-CA7CCFCB3651}"
EndProject
Project("{FAE04EC0-301F-11D3-BF4B-00C04F79EFBC}") = "Unity.2D.Path.Editor", "Unity.2D.Path.Editor.csproj", "{F1522EEB-83D9-4AD6-2AA5-2B87A31C7EC8}"
EndProject
Project("{FAE04EC0-301F-11D3-BF4B-00C04F79EFBC}") = "Unity.Rider.Editor", "Unity.Rider.Editor.csproj", "{951D9D86-67CB-AE61-59A8-5CA4FF9B757E}"
EndProject
Project("{FAE04EC0-301F-11D3-BF4B-00C04F79EFBC}") = "Unity.2D.IK.Editor", "Unity.2D.IK.Editor.csproj", "{0B5C4B04-2681-C54C-037B-C937EEBB8BDC}"
EndProject
Project("{FAE04EC0-301F-11D3-BF4B-00C04F79EFBC}") = "Unity.2D.Sprite.Editor", "Unity.2D.Sprite.Editor.csproj", "{0FABBFD1-A6B0-11BF-B20A-F0BA65000212}"
EndProject
Project("{FAE04EC0-301F-11D3-BF4B-00C04F79EFBC}") = "Unity.2D.Tilemap.Editor", "Unity.2D.Tilemap.Editor.csproj", "{D21A8DB5-1201-24B6-3CFA-6A2128465BAD}"
EndProject
Project("{FAE04EC0-301F-11D3-BF4B-00C04F79EFBC}") = "Unity.2D.PixelPerfect.Editor", "Unity.2D.PixelPerfect.Editor.csproj", "{D78FFAE8-6FD5-3E5D-66BB-D9B101F068E8}"
EndProject
Project("{FAE04EC0-301F-11D3-BF4B-00C04F79EFBC}") = "Unity.VSCode.Editor", "Unity.VSCode.Editor.csproj", "{302A08E4-90B4-F349-525A-2B6F108F2FD7}"
EndProject
Project("{FAE04EC0-301F-11D3-BF4B-00C04F79EFBC}") = "Unity.2D.Common.Editor", "Unity.2D.Common.Editor.csproj", "{F583B1D7-4C9D-B046-D2AA-C14BF137691B}"
EndProject
Project("{FAE04EC0-301F-11D3-BF4B-00C04F79EFBC}") = "Unity.Mathematics.Editor", "Unity.Mathematics.Editor.csproj", "{0EB96ACE-57FA-3DBC-66CF-0A73908047AA}"
EndProject
Project("{FAE04EC0-301F-11D3-BF4B-00C04F79EFBC}") = "Unity.InternalAPIEditorBridge.001", "Unity.InternalAPIEditorBridge.001.csproj", "{5E9F48A2-BE18-15DB-610D-B21559FB8664}"
EndProject
Project("{FAE04EC0-301F-11D3-BF4B-00C04F79EFBC}") = "Unity.SysrootPackage.Editor", "Unity.SysrootPackage.Editor.csproj", "{9BA3E80D-BC1F-5E3C-7CF4-CB41A7ABC737}"
EndProject
Project("{FAE04EC0-301F-11D3-BF4B-00C04F79EFBC}") = "Unity.Toolchain.Win-x86_64-Linux-x86_64", "Unity.Toolchain.Win-x86_64-Linux-x86_64.csproj", "{2796DD01-2503-825D-EFBB-D4067CDFF9AE}"
EndProject
Project("{FAE04EC0-301F-11D3-BF4B-00C04F79EFBC}") = "Unity.Sysroot.Linux_x86_64", "Unity.Sysroot.Linux_x86_64.csproj", "{CDEC5806-517A-41CE-D02C-54B66D56C7CC}"
EndProject
Project("{FAE04EC0-301F-11D3-BF4B-00C04F79EFBC}") = "UnityEngine.TestRunner", "UnityEngine.TestRunner.Player.csproj", "{CEAAB691-417A-1A8A-BB6C-380B850378DE}"
EndProject
Project("{FAE04EC0-301F-11D3-BF4B-00C04F79EFBC}") = "Unity.Mathematics", "Unity.Mathematics.Player.csproj", "{71A16306-9139-E904-4D8A-8CF86BF97B67}"
EndProject
Project("{FAE04EC0-301F-11D3-BF4B-00C04F79EFBC}") = "Unity.InputSystem", "Unity.InputSystem.Player.csproj", "{59926398-5714-1045-A57F-B8D8569C0C91}"
EndProject
Project("{FAE04EC0-301F-11D3-BF4B-00C04F79EFBC}") = "Unity.2D.Animation.Triangle.Runtime", "Unity.2D.Animation.Triangle.Runtime.Player.csproj", "{41401677-7FE8-8C23-40EF-F804239ABB54}"
EndProject
Project("{FAE04EC0-301F-11D3-BF4B-00C04F79EFBC}") = "Unity.Timeline", "Unity.Timeline.Player.csproj", "{758CDF88-BB37-B184-000A-CB85A0CCE5F9}"
EndProject
Project("{FAE04EC0-301F-11D3-BF4B-00C04F79EFBC}") = "UnityEngine.UI", "UnityEngine.UI.Player.csproj", "{9ADE23AE-9504-7150-E76B-78B3D69D4AA3}"
EndProject
Project("{FAE04EC0-301F-11D3-BF4B-00C04F79EFBC}") = "Unity.TextMeshPro", "Unity.TextMeshPro.Player.csproj", "{D2FE670C-D9FF-76EB-45BE-E1775C5B6504}"
EndProject
Project("{FAE04EC0-301F-11D3-BF4B-00C04F79EFBC}") = "Assembly-CSharp", "Assembly-CSharp.Player.csproj", "{AF967EA0-2BD2-FB50-A84C-BC8C3F0ECBB6}"
EndProject
Project("{FAE04EC0-301F-11D3-BF4B-00C04F79EFBC}") = "Unity.2D.Animation.Runtime", "Unity.2D.Animation.Runtime.Player.csproj", "{57332CA0-EB1B-1C6B-7A2B-0281460D7D29}"
EndProject
Project("{FAE04EC0-301F-11D3-BF4B-00C04F79EFBC}") = "Unity.Postprocessing.Runtime", "Unity.Postprocessing.Runtime.Player.csproj", "{C2913892-6122-AA80-3E00-FFC2D64BFA61}"
EndProject
Project("{FAE04EC0-301F-11D3-BF4B-00C04F79EFBC}") = "Unity.2D.IK.Runtime", "Unity.2D.IK.Runtime.Player.csproj", "{C276898A-4197-F756-4D71-560BFCAECE7C}"
EndProject
Project("{FAE04EC0-301F-11D3-BF4B-00C04F79EFBC}") = "Unity.2D.SpriteShape.Runtime", "Unity.2D.SpriteShape.Runtime.Player.csproj", "{F94E6FC1-982E-AD65-3948-D091A161FE80}"
EndProject
Project("{FAE04EC0-301F-11D3-BF4B-00C04F79EFBC}") = "Unity.2D.PixelPerfect", "Unity.2D.PixelPerfect.Player.csproj", "{6EC3A068-FDE9-EB9E-BA74-1E4F11F24F9A}"
EndProject
Project("{FAE04EC0-301F-11D3-BF4B-00C04F79EFBC}") = "Unity.2D.Common.Runtime", "Unity.2D.Common.Runtime.Player.csproj", "{AA1827B3-7E05-AE69-EB02-F34CA5DADDDA}"
EndProject
Project("{FAE04EC0-301F-11D3-BF4B-00C04F79EFBC}") = "Unity.InternalAPIEngineBridge.001", "Unity.InternalAPIEngineBridge.001.Player.csproj", "{E06C61D2-C3F3-5752-16CC-1117135E8430}"
EndProject
Global
	GlobalSection(SolutionConfigurationPlatforms) = preSolution
		Debug|Any CPU = Debug|Any CPU
		Release|Any CPU = Release|Any CPU
	EndGlobalSection
	GlobalSection(ProjectConfigurationPlatforms) = postSolution
		{FB60FBFA-4727-B2B5-5039-BADBE2E59A9B}.Debug|Any CPU.ActiveCfg = Debug|Any CPU
		{FB60FBFA-4727-B2B5-5039-BADBE2E59A9B}.Debug|Any CPU.Build.0 = Debug|Any CPU
		{FB60FBFA-4727-B2B5-5039-BADBE2E59A9B}.Release|Any CPU.ActiveCfg = Release|Any CPU
		{FB60FBFA-4727-B2B5-5039-BADBE2E59A9B}.Release|Any CPU.Build.0 = Release|Any CPU
		{EA940DFD-033E-0A68-2142-54C59F3A2DF2}.Debug|Any CPU.ActiveCfg = Debug|Any CPU
		{EA940DFD-033E-0A68-2142-54C59F3A2DF2}.Debug|Any CPU.Build.0 = Debug|Any CPU
		{EA940DFD-033E-0A68-2142-54C59F3A2DF2}.Release|Any CPU.ActiveCfg = Release|Any CPU
		{EA940DFD-033E-0A68-2142-54C59F3A2DF2}.Release|Any CPU.Build.0 = Release|Any CPU
		{4AF88206-5855-8137-3E6F-A20BEA6CE83B}.Debug|Any CPU.ActiveCfg = Debug|Any CPU
		{4AF88206-5855-8137-3E6F-A20BEA6CE83B}.Debug|Any CPU.Build.0 = Debug|Any CPU
		{4AF88206-5855-8137-3E6F-A20BEA6CE83B}.Release|Any CPU.ActiveCfg = Release|Any CPU
		{4AF88206-5855-8137-3E6F-A20BEA6CE83B}.Release|Any CPU.Build.0 = Release|Any CPU
		{5D895B59-83EF-374B-5DC2-8E5E5F5B8CFC}.Debug|Any CPU.ActiveCfg = Debug|Any CPU
		{5D895B59-83EF-374B-5DC2-8E5E5F5B8CFC}.Debug|Any CPU.Build.0 = Debug|Any CPU
		{5D895B59-83EF-374B-5DC2-8E5E5F5B8CFC}.Release|Any CPU.ActiveCfg = Release|Any CPU
		{5D895B59-83EF-374B-5DC2-8E5E5F5B8CFC}.Release|Any CPU.Build.0 = Release|Any CPU
		{76EBBBA2-B9CF-A73C-06ED-431326D108A5}.Debug|Any CPU.ActiveCfg = Debug|Any CPU
		{76EBBBA2-B9CF-A73C-06ED-431326D108A5}.Debug|Any CPU.Build.0 = Debug|Any CPU
		{76EBBBA2-B9CF-A73C-06ED-431326D108A5}.Release|Any CPU.ActiveCfg = Release|Any CPU
		{76EBBBA2-B9CF-A73C-06ED-431326D108A5}.Release|Any CPU.Build.0 = Release|Any CPU
		{2966F885-ECAE-F12D-7F8B-9981B558DBCC}.Debug|Any CPU.ActiveCfg = Debug|Any CPU
		{2966F885-ECAE-F12D-7F8B-9981B558DBCC}.Debug|Any CPU.Build.0 = Debug|Any CPU
		{2966F885-ECAE-F12D-7F8B-9981B558DBCC}.Release|Any CPU.ActiveCfg = Release|Any CPU
		{2966F885-ECAE-F12D-7F8B-9981B558DBCC}.Release|Any CPU.Build.0 = Release|Any CPU
		{DB272E28-ACA2-5841-1E03-BF49099975AE}.Debug|Any CPU.ActiveCfg = Debug|Any CPU
		{DB272E28-ACA2-5841-1E03-BF49099975AE}.Debug|Any CPU.Build.0 = Debug|Any CPU
		{DB272E28-ACA2-5841-1E03-BF49099975AE}.Release|Any CPU.ActiveCfg = Release|Any CPU
		{DB272E28-ACA2-5841-1E03-BF49099975AE}.Release|Any CPU.Build.0 = Release|Any CPU
		{66B7C147-EAAF-E9D7-DE96-6228512EFD9C}.Debug|Any CPU.ActiveCfg = Debug|Any CPU
		{66B7C147-EAAF-E9D7-DE96-6228512EFD9C}.Debug|Any CPU.Build.0 = Debug|Any CPU
		{66B7C147-EAAF-E9D7-DE96-6228512EFD9C}.Release|Any CPU.ActiveCfg = Release|Any CPU
		{66B7C147-EAAF-E9D7-DE96-6228512EFD9C}.Release|Any CPU.Build.0 = Release|Any CPU
		{FC59D0FE-5F4D-AA71-E84B-8E470E4D4380}.Debug|Any CPU.ActiveCfg = Debug|Any CPU
		{FC59D0FE-5F4D-AA71-E84B-8E470E4D4380}.Debug|Any CPU.Build.0 = Debug|Any CPU
		{FC59D0FE-5F4D-AA71-E84B-8E470E4D4380}.Release|Any CPU.ActiveCfg = Release|Any CPU
		{FC59D0FE-5F4D-AA71-E84B-8E470E4D4380}.Release|Any CPU.Build.0 = Release|Any CPU
		{2BCE7D6E-69C3-A995-8E58-F704AFB5A62E}.Debug|Any CPU.ActiveCfg = Debug|Any CPU
		{2BCE7D6E-69C3-A995-8E58-F704AFB5A62E}.Debug|Any CPU.Build.0 = Debug|Any CPU
		{2BCE7D6E-69C3-A995-8E58-F704AFB5A62E}.Release|Any CPU.ActiveCfg = Release|Any CPU
		{2BCE7D6E-69C3-A995-8E58-F704AFB5A62E}.Release|Any CPU.Build.0 = Release|Any CPU
		{E92A5EBB-37A1-CC70-3C46-1D35DADF7BF6}.Debug|Any CPU.ActiveCfg = Debug|Any CPU
		{E92A5EBB-37A1-CC70-3C46-1D35DADF7BF6}.Debug|Any CPU.Build.0 = Debug|Any CPU
		{E92A5EBB-37A1-CC70-3C46-1D35DADF7BF6}.Release|Any CPU.ActiveCfg = Release|Any CPU
		{E92A5EBB-37A1-CC70-3C46-1D35DADF7BF6}.Release|Any CPU.Build.0 = Release|Any CPU
		{25760C09-88C3-F316-35CD-49E5AB28598D}.Debug|Any CPU.ActiveCfg = Debug|Any CPU
		{25760C09-88C3-F316-35CD-49E5AB28598D}.Debug|Any CPU.Build.0 = Debug|Any CPU
		{25760C09-88C3-F316-35CD-49E5AB28598D}.Release|Any CPU.ActiveCfg = Release|Any CPU
		{25760C09-88C3-F316-35CD-49E5AB28598D}.Release|Any CPU.Build.0 = Release|Any CPU
		{F7C3696A-1AC7-570A-177D-3DDC18F376F1}.Debug|Any CPU.ActiveCfg = Debug|Any CPU
		{F7C3696A-1AC7-570A-177D-3DDC18F376F1}.Debug|Any CPU.Build.0 = Debug|Any CPU
		{F7C3696A-1AC7-570A-177D-3DDC18F376F1}.Release|Any CPU.ActiveCfg = Release|Any CPU
		{F7C3696A-1AC7-570A-177D-3DDC18F376F1}.Release|Any CPU.Build.0 = Release|Any CPU
		{1376C79E-E241-CCCA-05F2-0DE6F79E6BB8}.Debug|Any CPU.ActiveCfg = Debug|Any CPU
		{1376C79E-E241-CCCA-05F2-0DE6F79E6BB8}.Debug|Any CPU.Build.0 = Debug|Any CPU
		{1376C79E-E241-CCCA-05F2-0DE6F79E6BB8}.Release|Any CPU.ActiveCfg = Release|Any CPU
		{1376C79E-E241-CCCA-05F2-0DE6F79E6BB8}.Release|Any CPU.Build.0 = Release|Any CPU
		{62CCEAC3-8450-BC5E-A18A-DE422EC3E0F9}.Debug|Any CPU.ActiveCfg = Debug|Any CPU
		{62CCEAC3-8450-BC5E-A18A-DE422EC3E0F9}.Debug|Any CPU.Build.0 = Debug|Any CPU
		{62CCEAC3-8450-BC5E-A18A-DE422EC3E0F9}.Release|Any CPU.ActiveCfg = Release|Any CPU
		{62CCEAC3-8450-BC5E-A18A-DE422EC3E0F9}.Release|Any CPU.Build.0 = Release|Any CPU
		{6E9EF09A-83B7-8255-D01A-7F8B56225A5F}.Debug|Any CPU.ActiveCfg = Debug|Any CPU
		{6E9EF09A-83B7-8255-D01A-7F8B56225A5F}.Debug|Any CPU.Build.0 = Debug|Any CPU
		{6E9EF09A-83B7-8255-D01A-7F8B56225A5F}.Release|Any CPU.ActiveCfg = Release|Any CPU
		{6E9EF09A-83B7-8255-D01A-7F8B56225A5F}.Release|Any CPU.Build.0 = Release|Any CPU
		{08A8A49D-4FFC-2A07-C466-6BFF0509A6F7}.Debug|Any CPU.ActiveCfg = Debug|Any CPU
		{08A8A49D-4FFC-2A07-C466-6BFF0509A6F7}.Debug|Any CPU.Build.0 = Debug|Any CPU
		{08A8A49D-4FFC-2A07-C466-6BFF0509A6F7}.Release|Any CPU.ActiveCfg = Release|Any CPU
		{08A8A49D-4FFC-2A07-C466-6BFF0509A6F7}.Release|Any CPU.Build.0 = Release|Any CPU
		{78E4E1B6-13C4-4386-FF85-9838E4168DDA}.Debug|Any CPU.ActiveCfg = Debug|Any CPU
		{78E4E1B6-13C4-4386-FF85-9838E4168DDA}.Debug|Any CPU.Build.0 = Debug|Any CPU
		{78E4E1B6-13C4-4386-FF85-9838E4168DDA}.Release|Any CPU.ActiveCfg = Release|Any CPU
		{78E4E1B6-13C4-4386-FF85-9838E4168DDA}.Release|Any CPU.Build.0 = Release|Any CPU
		{A35DE3DC-0657-FD5F-9885-713CC86AF55D}.Debug|Any CPU.ActiveCfg = Debug|Any CPU
		{A35DE3DC-0657-FD5F-9885-713CC86AF55D}.Debug|Any CPU.Build.0 = Debug|Any CPU
		{A35DE3DC-0657-FD5F-9885-713CC86AF55D}.Release|Any CPU.ActiveCfg = Release|Any CPU
		{A35DE3DC-0657-FD5F-9885-713CC86AF55D}.Release|Any CPU.Build.0 = Release|Any CPU
		{FBF8520D-F3EF-4737-651A-3C2109ABB921}.Debug|Any CPU.ActiveCfg = Debug|Any CPU
		{FBF8520D-F3EF-4737-651A-3C2109ABB921}.Debug|Any CPU.Build.0 = Debug|Any CPU
		{FBF8520D-F3EF-4737-651A-3C2109ABB921}.Release|Any CPU.ActiveCfg = Release|Any CPU
		{FBF8520D-F3EF-4737-651A-3C2109ABB921}.Release|Any CPU.Build.0 = Release|Any CPU
		{37EF91B7-D980-9E75-D185-ED0821096D7A}.Debug|Any CPU.ActiveCfg = Debug|Any CPU
		{37EF91B7-D980-9E75-D185-ED0821096D7A}.Debug|Any CPU.Build.0 = Debug|Any CPU
		{37EF91B7-D980-9E75-D185-ED0821096D7A}.Release|Any CPU.ActiveCfg = Release|Any CPU
		{37EF91B7-D980-9E75-D185-ED0821096D7A}.Release|Any CPU.Build.0 = Release|Any CPU
		{3FB3DDD8-417A-CE34-53C8-BD249A155144}.Debug|Any CPU.ActiveCfg = Debug|Any CPU
		{3FB3DDD8-417A-CE34-53C8-BD249A155144}.Debug|Any CPU.Build.0 = Debug|Any CPU
		{3FB3DDD8-417A-CE34-53C8-BD249A155144}.Release|Any CPU.ActiveCfg = Release|Any CPU
		{3FB3DDD8-417A-CE34-53C8-BD249A155144}.Release|Any CPU.Build.0 = Release|Any CPU
		{2650DCFF-88A2-39E4-83AD-410D1AE84661}.Debug|Any CPU.ActiveCfg = Debug|Any CPU
		{2650DCFF-88A2-39E4-83AD-410D1AE84661}.Debug|Any CPU.Build.0 = Debug|Any CPU
		{2650DCFF-88A2-39E4-83AD-410D1AE84661}.Release|Any CPU.ActiveCfg = Release|Any CPU
		{2650DCFF-88A2-39E4-83AD-410D1AE84661}.Release|Any CPU.Build.0 = Release|Any CPU
		{0EB86092-78B4-5D85-6B5D-16EBEA65442C}.Debug|Any CPU.ActiveCfg = Debug|Any CPU
		{0EB86092-78B4-5D85-6B5D-16EBEA65442C}.Debug|Any CPU.Build.0 = Debug|Any CPU
		{0EB86092-78B4-5D85-6B5D-16EBEA65442C}.Release|Any CPU.ActiveCfg = Release|Any CPU
		{0EB86092-78B4-5D85-6B5D-16EBEA65442C}.Release|Any CPU.Build.0 = Release|Any CPU
		{329BD3B3-EA4B-CE7D-D676-A5061D372B24}.Debug|Any CPU.ActiveCfg = Debug|Any CPU
		{329BD3B3-EA4B-CE7D-D676-A5061D372B24}.Debug|Any CPU.Build.0 = Debug|Any CPU
		{329BD3B3-EA4B-CE7D-D676-A5061D372B24}.Release|Any CPU.ActiveCfg = Release|Any CPU
		{329BD3B3-EA4B-CE7D-D676-A5061D372B24}.Release|Any CPU.Build.0 = Release|Any CPU
		{0927C19A-F230-9C55-FB27-710312B8007E}.Debug|Any CPU.ActiveCfg = Debug|Any CPU
		{0927C19A-F230-9C55-FB27-710312B8007E}.Debug|Any CPU.Build.0 = Debug|Any CPU
		{0927C19A-F230-9C55-FB27-710312B8007E}.Release|Any CPU.ActiveCfg = Release|Any CPU
		{0927C19A-F230-9C55-FB27-710312B8007E}.Release|Any CPU.Build.0 = Release|Any CPU
		{7D0C5D2E-5A7E-EC5F-E92A-CA7CCFCB3651}.Debug|Any CPU.ActiveCfg = Debug|Any CPU
		{7D0C5D2E-5A7E-EC5F-E92A-CA7CCFCB3651}.Debug|Any CPU.Build.0 = Debug|Any CPU
		{7D0C5D2E-5A7E-EC5F-E92A-CA7CCFCB3651}.Release|Any CPU.ActiveCfg = Release|Any CPU
		{7D0C5D2E-5A7E-EC5F-E92A-CA7CCFCB3651}.Release|Any CPU.Build.0 = Release|Any CPU
		{F1522EEB-83D9-4AD6-2AA5-2B87A31C7EC8}.Debug|Any CPU.ActiveCfg = Debug|Any CPU
		{F1522EEB-83D9-4AD6-2AA5-2B87A31C7EC8}.Debug|Any CPU.Build.0 = Debug|Any CPU
		{F1522EEB-83D9-4AD6-2AA5-2B87A31C7EC8}.Release|Any CPU.ActiveCfg = Release|Any CPU
		{F1522EEB-83D9-4AD6-2AA5-2B87A31C7EC8}.Release|Any CPU.Build.0 = Release|Any CPU
		{951D9D86-67CB-AE61-59A8-5CA4FF9B757E}.Debug|Any CPU.ActiveCfg = Debug|Any CPU
		{951D9D86-67CB-AE61-59A8-5CA4FF9B757E}.Debug|Any CPU.Build.0 = Debug|Any CPU
		{951D9D86-67CB-AE61-59A8-5CA4FF9B757E}.Release|Any CPU.ActiveCfg = Release|Any CPU
		{951D9D86-67CB-AE61-59A8-5CA4FF9B757E}.Release|Any CPU.Build.0 = Release|Any CPU
		{0B5C4B04-2681-C54C-037B-C937EEBB8BDC}.Debug|Any CPU.ActiveCfg = Debug|Any CPU
		{0B5C4B04-2681-C54C-037B-C937EEBB8BDC}.Debug|Any CPU.Build.0 = Debug|Any CPU
		{0B5C4B04-2681-C54C-037B-C937EEBB8BDC}.Release|Any CPU.ActiveCfg = Release|Any CPU
		{0B5C4B04-2681-C54C-037B-C937EEBB8BDC}.Release|Any CPU.Build.0 = Release|Any CPU
		{0FABBFD1-A6B0-11BF-B20A-F0BA65000212}.Debug|Any CPU.ActiveCfg = Debug|Any CPU
		{0FABBFD1-A6B0-11BF-B20A-F0BA65000212}.Debug|Any CPU.Build.0 = Debug|Any CPU
		{0FABBFD1-A6B0-11BF-B20A-F0BA65000212}.Release|Any CPU.ActiveCfg = Release|Any CPU
		{0FABBFD1-A6B0-11BF-B20A-F0BA65000212}.Release|Any CPU.Build.0 = Release|Any CPU
		{D21A8DB5-1201-24B6-3CFA-6A2128465BAD}.Debug|Any CPU.ActiveCfg = Debug|Any CPU
		{D21A8DB5-1201-24B6-3CFA-6A2128465BAD}.Debug|Any CPU.Build.0 = Debug|Any CPU
		{D21A8DB5-1201-24B6-3CFA-6A2128465BAD}.Release|Any CPU.ActiveCfg = Release|Any CPU
		{D21A8DB5-1201-24B6-3CFA-6A2128465BAD}.Release|Any CPU.Build.0 = Release|Any CPU
		{D78FFAE8-6FD5-3E5D-66BB-D9B101F068E8}.Debug|Any CPU.ActiveCfg = Debug|Any CPU
		{D78FFAE8-6FD5-3E5D-66BB-D9B101F068E8}.Debug|Any CPU.Build.0 = Debug|Any CPU
		{D78FFAE8-6FD5-3E5D-66BB-D9B101F068E8}.Release|Any CPU.ActiveCfg = Release|Any CPU
		{D78FFAE8-6FD5-3E5D-66BB-D9B101F068E8}.Release|Any CPU.Build.0 = Release|Any CPU
		{302A08E4-90B4-F349-525A-2B6F108F2FD7}.Debug|Any CPU.ActiveCfg = Debug|Any CPU
		{302A08E4-90B4-F349-525A-2B6F108F2FD7}.Debug|Any CPU.Build.0 = Debug|Any CPU
		{302A08E4-90B4-F349-525A-2B6F108F2FD7}.Release|Any CPU.ActiveCfg = Release|Any CPU
		{302A08E4-90B4-F349-525A-2B6F108F2FD7}.Release|Any CPU.Build.0 = Release|Any CPU
		{F583B1D7-4C9D-B046-D2AA-C14BF137691B}.Debug|Any CPU.ActiveCfg = Debug|Any CPU
		{F583B1D7-4C9D-B046-D2AA-C14BF137691B}.Debug|Any CPU.Build.0 = Debug|Any CPU
		{F583B1D7-4C9D-B046-D2AA-C14BF137691B}.Release|Any CPU.ActiveCfg = Release|Any CPU
		{F583B1D7-4C9D-B046-D2AA-C14BF137691B}.Release|Any CPU.Build.0 = Release|Any CPU
		{0EB96ACE-57FA-3DBC-66CF-0A73908047AA}.Debug|Any CPU.ActiveCfg = Debug|Any CPU
		{0EB96ACE-57FA-3DBC-66CF-0A73908047AA}.Debug|Any CPU.Build.0 = Debug|Any CPU
		{0EB96ACE-57FA-3DBC-66CF-0A73908047AA}.Release|Any CPU.ActiveCfg = Release|Any CPU
		{0EB96ACE-57FA-3DBC-66CF-0A73908047AA}.Release|Any CPU.Build.0 = Release|Any CPU
		{5E9F48A2-BE18-15DB-610D-B21559FB8664}.Debug|Any CPU.ActiveCfg = Debug|Any CPU
		{5E9F48A2-BE18-15DB-610D-B21559FB8664}.Debug|Any CPU.Build.0 = Debug|Any CPU
		{5E9F48A2-BE18-15DB-610D-B21559FB8664}.Release|Any CPU.ActiveCfg = Release|Any CPU
		{5E9F48A2-BE18-15DB-610D-B21559FB8664}.Release|Any CPU.Build.0 = Release|Any CPU
		{9BA3E80D-BC1F-5E3C-7CF4-CB41A7ABC737}.Debug|Any CPU.ActiveCfg = Debug|Any CPU
		{9BA3E80D-BC1F-5E3C-7CF4-CB41A7ABC737}.Debug|Any CPU.Build.0 = Debug|Any CPU
		{9BA3E80D-BC1F-5E3C-7CF4-CB41A7ABC737}.Release|Any CPU.ActiveCfg = Release|Any CPU
		{9BA3E80D-BC1F-5E3C-7CF4-CB41A7ABC737}.Release|Any CPU.Build.0 = Release|Any CPU
		{2796DD01-2503-825D-EFBB-D4067CDFF9AE}.Debug|Any CPU.ActiveCfg = Debug|Any CPU
		{2796DD01-2503-825D-EFBB-D4067CDFF9AE}.Debug|Any CPU.Build.0 = Debug|Any CPU
		{2796DD01-2503-825D-EFBB-D4067CDFF9AE}.Release|Any CPU.ActiveCfg = Release|Any CPU
		{2796DD01-2503-825D-EFBB-D4067CDFF9AE}.Release|Any CPU.Build.0 = Release|Any CPU
		{CDEC5806-517A-41CE-D02C-54B66D56C7CC}.Debug|Any CPU.ActiveCfg = Debug|Any CPU
		{CDEC5806-517A-41CE-D02C-54B66D56C7CC}.Debug|Any CPU.Build.0 = Debug|Any CPU
		{CDEC5806-517A-41CE-D02C-54B66D56C7CC}.Release|Any CPU.ActiveCfg = Release|Any CPU
		{CDEC5806-517A-41CE-D02C-54B66D56C7CC}.Release|Any CPU.Build.0 = Release|Any CPU
		{CEAAB691-417A-1A8A-BB6C-380B850378DE}.Debug|Any CPU.ActiveCfg = Debug|Any CPU
		{CEAAB691-417A-1A8A-BB6C-380B850378DE}.Debug|Any CPU.Build.0 = Debug|Any CPU
		{CEAAB691-417A-1A8A-BB6C-380B850378DE}.Release|Any CPU.ActiveCfg = Release|Any CPU
		{CEAAB691-417A-1A8A-BB6C-380B850378DE}.Release|Any CPU.Build.0 = Release|Any CPU
		{71A16306-9139-E904-4D8A-8CF86BF97B67}.Debug|Any CPU.ActiveCfg = Debug|Any CPU
		{71A16306-9139-E904-4D8A-8CF86BF97B67}.Debug|Any CPU.Build.0 = Debug|Any CPU
		{71A16306-9139-E904-4D8A-8CF86BF97B67}.Release|Any CPU.ActiveCfg = Release|Any CPU
		{71A16306-9139-E904-4D8A-8CF86BF97B67}.Release|Any CPU.Build.0 = Release|Any CPU
		{59926398-5714-1045-A57F-B8D8569C0C91}.Debug|Any CPU.ActiveCfg = Debug|Any CPU
		{59926398-5714-1045-A57F-B8D8569C0C91}.Debug|Any CPU.Build.0 = Debug|Any CPU
		{59926398-5714-1045-A57F-B8D8569C0C91}.Release|Any CPU.ActiveCfg = Release|Any CPU
		{59926398-5714-1045-A57F-B8D8569C0C91}.Release|Any CPU.Build.0 = Release|Any CPU
		{41401677-7FE8-8C23-40EF-F804239ABB54}.Debug|Any CPU.ActiveCfg = Debug|Any CPU
		{41401677-7FE8-8C23-40EF-F804239ABB54}.Debug|Any CPU.Build.0 = Debug|Any CPU
		{41401677-7FE8-8C23-40EF-F804239ABB54}.Release|Any CPU.ActiveCfg = Release|Any CPU
		{41401677-7FE8-8C23-40EF-F804239ABB54}.Release|Any CPU.Build.0 = Release|Any CPU
		{758CDF88-BB37-B184-000A-CB85A0CCE5F9}.Debug|Any CPU.ActiveCfg = Debug|Any CPU
		{758CDF88-BB37-B184-000A-CB85A0CCE5F9}.Debug|Any CPU.Build.0 = Debug|Any CPU
		{758CDF88-BB37-B184-000A-CB85A0CCE5F9}.Release|Any CPU.ActiveCfg = Release|Any CPU
		{758CDF88-BB37-B184-000A-CB85A0CCE5F9}.Release|Any CPU.Build.0 = Release|Any CPU
		{9ADE23AE-9504-7150-E76B-78B3D69D4AA3}.Debug|Any CPU.ActiveCfg = Debug|Any CPU
		{9ADE23AE-9504-7150-E76B-78B3D69D4AA3}.Debug|Any CPU.Build.0 = Debug|Any CPU
		{9ADE23AE-9504-7150-E76B-78B3D69D4AA3}.Release|Any CPU.ActiveCfg = Release|Any CPU
		{9ADE23AE-9504-7150-E76B-78B3D69D4AA3}.Release|Any CPU.Build.0 = Release|Any CPU
		{D2FE670C-D9FF-76EB-45BE-E1775C5B6504}.Debug|Any CPU.ActiveCfg = Debug|Any CPU
		{D2FE670C-D9FF-76EB-45BE-E1775C5B6504}.Debug|Any CPU.Build.0 = Debug|Any CPU
		{D2FE670C-D9FF-76EB-45BE-E1775C5B6504}.Release|Any CPU.ActiveCfg = Release|Any CPU
		{D2FE670C-D9FF-76EB-45BE-E1775C5B6504}.Release|Any CPU.Build.0 = Release|Any CPU
		{AF967EA0-2BD2-FB50-A84C-BC8C3F0ECBB6}.Debug|Any CPU.ActiveCfg = Debug|Any CPU
		{AF967EA0-2BD2-FB50-A84C-BC8C3F0ECBB6}.Debug|Any CPU.Build.0 = Debug|Any CPU
		{AF967EA0-2BD2-FB50-A84C-BC8C3F0ECBB6}.Release|Any CPU.ActiveCfg = Release|Any CPU
		{AF967EA0-2BD2-FB50-A84C-BC8C3F0ECBB6}.Release|Any CPU.Build.0 = Release|Any CPU
		{57332CA0-EB1B-1C6B-7A2B-0281460D7D29}.Debug|Any CPU.ActiveCfg = Debug|Any CPU
		{57332CA0-EB1B-1C6B-7A2B-0281460D7D29}.Debug|Any CPU.Build.0 = Debug|Any CPU
		{57332CA0-EB1B-1C6B-7A2B-0281460D7D29}.Release|Any CPU.ActiveCfg = Release|Any CPU
		{57332CA0-EB1B-1C6B-7A2B-0281460D7D29}.Release|Any CPU.Build.0 = Release|Any CPU
		{C2913892-6122-AA80-3E00-FFC2D64BFA61}.Debug|Any CPU.ActiveCfg = Debug|Any CPU
		{C2913892-6122-AA80-3E00-FFC2D64BFA61}.Debug|Any CPU.Build.0 = Debug|Any CPU
		{C2913892-6122-AA80-3E00-FFC2D64BFA61}.Release|Any CPU.ActiveCfg = Release|Any CPU
		{C2913892-6122-AA80-3E00-FFC2D64BFA61}.Release|Any CPU.Build.0 = Release|Any CPU
		{C276898A-4197-F756-4D71-560BFCAECE7C}.Debug|Any CPU.ActiveCfg = Debug|Any CPU
		{C276898A-4197-F756-4D71-560BFCAECE7C}.Debug|Any CPU.Build.0 = Debug|Any CPU
		{C276898A-4197-F756-4D71-560BFCAECE7C}.Release|Any CPU.ActiveCfg = Release|Any CPU
		{C276898A-4197-F756-4D71-560BFCAECE7C}.Release|Any CPU.Build.0 = Release|Any CPU
		{F94E6FC1-982E-AD65-3948-D091A161FE80}.Debug|Any CPU.ActiveCfg = Debug|Any CPU
		{F94E6FC1-982E-AD65-3948-D091A161FE80}.Debug|Any CPU.Build.0 = Debug|Any CPU
		{F94E6FC1-982E-AD65-3948-D091A161FE80}.Release|Any CPU.ActiveCfg = Release|Any CPU
		{F94E6FC1-982E-AD65-3948-D091A161FE80}.Release|Any CPU.Build.0 = Release|Any CPU
		{6EC3A068-FDE9-EB9E-BA74-1E4F11F24F9A}.Debug|Any CPU.ActiveCfg = Debug|Any CPU
		{6EC3A068-FDE9-EB9E-BA74-1E4F11F24F9A}.Debug|Any CPU.Build.0 = Debug|Any CPU
		{6EC3A068-FDE9-EB9E-BA74-1E4F11F24F9A}.Release|Any CPU.ActiveCfg = Release|Any CPU
		{6EC3A068-FDE9-EB9E-BA74-1E4F11F24F9A}.Release|Any CPU.Build.0 = Release|Any CPU
		{AA1827B3-7E05-AE69-EB02-F34CA5DADDDA}.Debug|Any CPU.ActiveCfg = Debug|Any CPU
		{AA1827B3-7E05-AE69-EB02-F34CA5DADDDA}.Debug|Any CPU.Build.0 = Debug|Any CPU
		{AA1827B3-7E05-AE69-EB02-F34CA5DADDDA}.Release|Any CPU.ActiveCfg = Release|Any CPU
		{AA1827B3-7E05-AE69-EB02-F34CA5DADDDA}.Release|Any CPU.Build.0 = Release|Any CPU
		{E06C61D2-C3F3-5752-16CC-1117135E8430}.Debug|Any CPU.ActiveCfg = Debug|Any CPU
		{E06C61D2-C3F3-5752-16CC-1117135E8430}.Debug|Any CPU.Build.0 = Debug|Any CPU
		{E06C61D2-C3F3-5752-16CC-1117135E8430}.Release|Any CPU.ActiveCfg = Release|Any CPU
		{E06C61D2-C3F3-5752-16CC-1117135E8430}.Release|Any CPU.Build.0 = Release|Any CPU
	EndGlobalSection
	GlobalSection(SolutionProperties) = preSolution
		HideSolutionNode = FALSE
	EndGlobalSection
EndGlobal
